
Microsoft Visual Studio Solution File, Format Version 12.00
# Visual Studio 15
VisualStudioVersion = 15.0.28010.0
MinimumVisualStudioVersion = 10.0.40219.1
Project("{FAE04EC0-301F-11D3-BF4B-00C04F79EFBC}") = "aspnet_rest_api", "aspnet_rest_api\aspnet_rest_api.csproj", "{910C7B99-1058-4B85-A540-8A9EFC090533}"
EndProject
Project("{FAE04EC0-301F-11D3-BF4B-00C04F79EFBC}") = "aspnet_rest_api.Tests", "aspnet_rest_api.Tests\aspnet_rest_api.Tests.csproj", "{A8303BB8-8303-47E4-87E1-C6C0D2261B40}"
EndProject
Project("{FAE04EC0-301F-11D3-BF4B-00C04F79EFBC}") = "aspnet_rest_api.data", "aspnet_rest_api.data\aspnet_rest_api.data.csproj", "{C16889DE-2915-4ABE-A0E5-41E78BC56CDA}"
EndProject
Global
	GlobalSection(SolutionConfigurationPlatforms) = preSolution
		Debug|Any CPU = Debug|Any CPU
		Release|Any CPU = Release|Any CPU
	EndGlobalSection
	GlobalSection(ProjectConfigurationPlatforms) = postSolution
		{910C7B99-1058-4B85-A540-8A9EFC090533}.Debug|Any CPU.ActiveCfg = Debug|Any CPU
		{910C7B99-1058-4B85-A540-8A9EFC090533}.Debug|Any CPU.Build.0 = Debug|Any CPU
		{910C7B99-1058-4B85-A540-8A9EFC090533}.Release|Any CPU.ActiveCfg = Release|Any CPU
		{910C7B99-1058-4B85-A540-8A9EFC090533}.Release|Any CPU.Build.0 = Release|Any CPU
		{A8303BB8-8303-47E4-87E1-C6C0D2261B40}.Debug|Any CPU.ActiveCfg = Debug|Any CPU
		{A8303BB8-8303-47E4-87E1-C6C0D2261B40}.Debug|Any CPU.Build.0 = Debug|Any CPU
		{A8303BB8-8303-47E4-87E1-C6C0D2261B40}.Release|Any CPU.ActiveCfg = Release|Any CPU
		{A8303BB8-8303-47E4-87E1-C6C0D2261B40}.Release|Any CPU.Build.0 = Release|Any CPU
		{C16889DE-2915-4ABE-A0E5-41E78BC56CDA}.Debug|Any CPU.ActiveCfg = Debug|Any CPU
		{C16889DE-2915-4ABE-A0E5-41E78BC56CDA}.Debug|Any CPU.Build.0 = Debug|Any CPU
		{C16889DE-2915-4ABE-A0E5-41E78BC56CDA}.Release|Any CPU.ActiveCfg = Release|Any CPU
		{C16889DE-2915-4ABE-A0E5-41E78BC56CDA}.Release|Any CPU.Build.0 = Release|Any CPU
	EndGlobalSection
	GlobalSection(SolutionProperties) = preSolution
		HideSolutionNode = FALSE
	EndGlobalSection
	GlobalSection(ExtensibilityGlobals) = postSolution
		SolutionGuid = {F7AF7D53-5CF7-4156-AE11-07A47212CFAA}
	EndGlobalSection
EndGlobal
